
Microsoft Visual Studio Solution File, Format Version 12.00
# Visual Studio Version 17
VisualStudioVersion = 17.5.002.0
MinimumVisualStudioVersion = 10.0.40219.1
Project("{9A19103F-16F7-4668-BE54-9A1E7A4F7556}") = "csharp", "csharp.csproj", "{31AF9872-4153-4B6E-9A7F-AB6CDF566653}"
EndProject
Global
	GlobalSection(SolutionConfigurationPlatforms) = preSolution
		Debug|Any CPU = Debug|Any CPU
		Release|Any CPU = Release|Any CPU
	EndGlobalSection
	GlobalSection(ProjectConfigurationPlatforms) = postSolution
		{31AF9872-4153-4B6E-9A7F-AB6CDF566653}.Debug|Any CPU.ActiveCfg = Debug|Any CPU
		{31AF9872-4153-4B6E-9A7F-AB6CDF566653}.Debug|Any CPU.Build.0 = Debug|Any CPU
		{31AF9872-4153-4B6E-9A7F-AB6CDF566653}.Release|Any CPU.ActiveCfg = Release|Any CPU
		{31AF9872-4153-4B6E-9A7F-AB6CDF566653}.Release|Any CPU.Build.0 = Release|Any CPU
	EndGlobalSection
	GlobalSection(SolutionProperties) = preSolution
		HideSolutionNode = FALSE
	EndGlobalSection
	GlobalSection(ExtensibilityGlobals) = postSolution
		SolutionGuid = {9C18C5AF-0D91-4F42-BACC-EBE0EBD8762D}
	EndGlobalSection
EndGlobal
